
Microsoft Visual Studio Solution File, Format Version 12.00
# Visual Studio Version 16
VisualStudioVersion = 16.0.30711.63
MinimumVisualStudioVersion = 10.0.40219.1
Project("{9A19103F-16F7-4668-BE54-9A1E7A4F7556}") = "NCCC-Blazor", "NCCC-Blazor.csproj", "{6C3BCF74-DD91-462B-A787-E912AE073E2F}"
EndProject
Global
	GlobalSection(SolutionConfigurationPlatforms) = preSolution
		Debug|Any CPU = Debug|Any CPU
		Release|Any CPU = Release|Any CPU
	EndGlobalSection
	GlobalSection(ProjectConfigurationPlatforms) = postSolution
		{6C3BCF74-DD91-462B-A787-E912AE073E2F}.Debug|Any CPU.ActiveCfg = Debug|Any CPU
		{6C3BCF74-DD91-462B-A787-E912AE073E2F}.Debug|Any CPU.Build.0 = Debug|Any CPU
		{6C3BCF74-DD91-462B-A787-E912AE073E2F}.Release|Any CPU.ActiveCfg = Release|Any CPU
		{6C3BCF74-DD91-462B-A787-E912AE073E2F}.Release|Any CPU.Build.0 = Release|Any CPU
	EndGlobalSection
	GlobalSection(SolutionProperties) = preSolution
		HideSolutionNode = FALSE
	EndGlobalSection
	GlobalSection(ExtensibilityGlobals) = postSolution
		SolutionGuid = {1FF9EC9A-58CA-41AE-B5C3-5EE76B202FBE}
	EndGlobalSection
EndGlobal
